// !$*UTF8*$!
{
	archiveVersion = 1;
	classes = {
	};
	objectVersion = 46;
	objects = {

/* Begin PBXBuildFile section */
		76C5F2371DC98B9A0004C70F /* main.m in Sources */ = {isa = PBXBuildFile; fileRef = 76C5F2361DC98B9A0004C70F /* main.m */; };
		76C5F23A1DC98B9A0004C70F /* AppDelegate.m in Sources */ = {isa = PBXBuildFile; fileRef = 76C5F2391DC98B9A0004C70F /* AppDelegate.m */; };
		76C5F23D1DC98B9A0004C70F /* ViewController.m in Sources */ = {isa = PBXBuildFile; fileRef = 76C5F23C1DC98B9A0004C70F /* ViewController.m */; };
		76C5F2401DC98B9A0004C70F /* Main.storyboard in Resources */ = {isa = PBXBuildFile; fileRef = 76C5F23E1DC98B9A0004C70F /* Main.storyboard */; };
		76C5F2421DC98B9A0004C70F /* Assets.xcassets in Resources */ = {isa = PBXBuildFile; fileRef = 76C5F2411DC98B9A0004C70F /* Assets.xcassets */; };
		76C5F2451DC98B9A0004C70F /* LaunchScreen.storyboard in Resources */ = {isa = PBXBuildFile; fileRef = 76C5F2431DC98B9A0004C70F /* LaunchScreen.storyboard */; };
		76C5F24E1DC999800004C70F /* JWDFMDBChatMessageData.m in Sources */ = {isa = PBXBuildFile; fileRef = 76C5F24D1DC999800004C70F /* JWDFMDBChatMessageData.m */; };
		FF384AED48D91BF6C1E95A02 /* libPods-JWDFMDB-Data.a in Frameworks */ = {isa = PBXBuildFile; fileRef = 9D5141DB0304888115F0CA94 /* libPods-JWDFMDB-Data.a */; };
/* End PBXBuildFile section */

/* Begin PBXFileReference section */
		32C339156C6DD30BBC6FBE75 /* Pods-JWDFMDB-Data.debug.xcconfig */ = {isa = PBXFileReference; includeInIndex = 1; lastKnownFileType = text.xcconfig; name = "Pods-JWDFMDB-Data.debug.xcconfig"; path = "Pods/Target Support Files/Pods-JWDFMDB-Data/Pods-JWDFMDB-Data.debug.xcconfig"; sourceTree = "<group>"; };
		76C5F2321DC98B9A0004C70F /* JWDFMDB-Data.app */ = {isa = PBXFileReference; explicitFileType = wrapper.application; includeInIndex = 0; path = "JWDFMDB-Data.app"; sourceTree = BUILT_PRODUCTS_DIR; };
		76C5F2361DC98B9A0004C70F /* main.m */ = {isa = PBXFileReference; lastKnownFileType = sourcecode.c.objc; path = main.m; sourceTree = "<group>"; };
		76C5F2381DC98B9A0004C70F /* AppDelegate.h */ = {isa = PBXFileReference; lastKnownFileType = sourcecode.c.h; path = AppDelegate.h; sourceTree = "<group>"; };
		76C5F2391DC98B9A0004C70F /* AppDelegate.m */ = {isa = PBXFileReference; lastKnownFileType = sourcecode.c.objc; path = AppDelegate.m; sourceTree = "<group>"; };
		76C5F23B1DC98B9A0004C70F /* ViewController.h */ = {isa = PBXFileReference; lastKnownFileType = sourcecode.c.h; path = ViewController.h; sourceTree = "<group>"; };
		76C5F23C1DC98B9A0004C70F /* ViewController.m */ = {isa = PBXFileReference; lastKnownFileType = sourcecode.c.objc; path = ViewController.m; sourceTree = "<group>"; };
		76C5F23F1DC98B9A0004C70F /* Base */ = {isa = PBXFileReference; lastKnownFileType = file.storyboard; name = Base; path = Base.lproj/Main.storyboard; sourceTree = "<group>"; };
		76C5F2411DC98B9A0004C70F /* Assets.xcassets */ = {isa = PBXFileReference; lastKnownFileType = folder.assetcatalog; path = Assets.xcassets; sourceTree = "<group>"; };
		76C5F2441DC98B9A0004C70F /* Base */ = {isa = PBXFileReference; lastKnownFileType = file.storyboard; name = Base; path = Base.lproj/LaunchScreen.storyboard; sourceTree = "<group>"; };
		76C5F2461DC98B9A0004C70F /* Info.plist */ = {isa = PBXFileReference; lastKnownFileType = text.plist.xml; path = Info.plist; sourceTree = "<group>"; };
		76C5F24C1DC999800004C70F /* JWDFMDBChatMessageData.h */ = {isa = PBXFileReference; fileEncoding = 4; lastKnownFileType = sourcecode.c.h; path = JWDFMDBChatMessageData.h; sourceTree = "<group>"; };
		76C5F24D1DC999800004C70F /* JWDFMDBChatMessageData.m */ = {isa = PBXFileReference; fileEncoding = 4; lastKnownFileType = sourcecode.c.objc; path = JWDFMDBChatMessageData.m; sourceTree = "<group>"; };
		9D5141DB0304888115F0CA94 /* libPods-JWDFMDB-Data.a */ = {isa = PBXFileReference; explicitFileType = archive.ar; includeInIndex = 0; path = "libPods-JWDFMDB-Data.a"; sourceTree = BUILT_PRODUCTS_DIR; };
		AC062C2909C5FFA78966B0A3 /* Pods-JWDFMDB-Data.release.xcconfig */ = {isa = PBXFileReference; includeInIndex = 1; lastKnownFileType = text.xcconfig; name = "Pods-JWDFMDB-Data.release.xcconfig"; path = "Pods/Target Support Files/Pods-JWDFMDB-Data/Pods-JWDFMDB-Data.release.xcconfig"; sourceTree = "<group>"; };
/* End PBXFileReference section */

/* Begin PBXFrameworksBuildPhase section */
		76C5F22F1DC98B9A0004C70F /* Frameworks */ = {
			isa = PBXFrameworksBuildPhase;
			buildActionMask = 2147483647;
			files = (
				FF384AED48D91BF6C1E95A02 /* libPods-JWDFMDB-Data.a in Frameworks */,
			);
			runOnlyForDeploymentPostprocessing = 0;
		};
/* End PBXFrameworksBuildPhase section */

/* Begin PBXGroup section */
		38234F7E1E72CCBEE3E1B46B /* Pods */ = {
			isa = PBXGroup;
			children = (
				32C339156C6DD30BBC6FBE75 /* Pods-JWDFMDB-Data.debug.xcconfig */,
				AC062C2909C5FFA78966B0A3 /* Pods-JWDFMDB-Data.release.xcconfig */,
			);
			name = Pods;
			sourceTree = "<group>";
		};
		5F71A963F89C7B8FFAC55EC8 /* Frameworks */ = {
			isa = PBXGroup;
			children = (
				9D5141DB0304888115F0CA94 /* libPods-JWDFMDB-Data.a */,
			);
			name = Frameworks;
			sourceTree = "<group>";
		};
		76C5F2291DC98B9A0004C70F = {
			isa = PBXGroup;
			children = (
				76C5F2341DC98B9A0004C70F /* JWDFMDB-Data */,
				76C5F2331DC98B9A0004C70F /* Products */,
				38234F7E1E72CCBEE3E1B46B /* Pods */,
				5F71A963F89C7B8FFAC55EC8 /* Frameworks */,
			);
			sourceTree = "<group>";
		};
		76C5F2331DC98B9A0004C70F /* Products */ = {
			isa = PBXGroup;
			children = (
				76C5F2321DC98B9A0004C70F /* JWDFMDB-Data.app */,
			);
			name = Products;
			sourceTree = "<group>";
		};
		76C5F2341DC98B9A0004C70F /* JWDFMDB-Data */ = {
			isa = PBXGroup;
			children = (
				76C5F2381DC98B9A0004C70F /* AppDelegate.h */,
				76C5F2391DC98B9A0004C70F /* AppDelegate.m */,
				76C5F23B1DC98B9A0004C70F /* ViewController.h */,
				76C5F23C1DC98B9A0004C70F /* ViewController.m */,
				76C5F24C1DC999800004C70F /* JWDFMDBChatMessageData.h */,
				76C5F24D1DC999800004C70F /* JWDFMDBChatMessageData.m */,
				76C5F23E1DC98B9A0004C70F /* Main.storyboard */,
				76C5F2411DC98B9A0004C70F /* Assets.xcassets */,
				76C5F2431DC98B9A0004C70F /* LaunchScreen.storyboard */,
				76C5F2461DC98B9A0004C70F /* Info.plist */,
				76C5F2351DC98B9A0004C70F /* Supporting Files */,
			);
			path = "JWDFMDB-Data";
			sourceTree = "<group>";
		};
		76C5F2351DC98B9A0004C70F /* Supporting Files */ = {
			isa = PBXGroup;
			children = (
				76C5F2361DC98B9A0004C70F /* main.m */,
			);
			name = "Supporting Files";
			sourceTree = "<group>";
		};
/* End PBXGroup section */

/* Begin PBXNativeTarget section */
		76C5F2311DC98B9A0004C70F /* JWDFMDB-Data */ = {
			isa = PBXNativeTarget;
			buildConfigurationList = 76C5F2491DC98B9A0004C70F /* Build configuration list for PBXNativeTarget "JWDFMDB-Data" */;
			buildPhases = (
				84224CB3F4513C97FC0789CB /* [CP] Check Pods Manifest.lock */,
				76C5F22E1DC98B9A0004C70F /* Sources */,
				76C5F22F1DC98B9A0004C70F /* Frameworks */,
				76C5F2301DC98B9A0004C70F /* Resources */,
				2F299CE4BCE548712BB8CFE6 /* [CP] Embed Pods Frameworks */,
				34D3AB2023C1230A016BDF65 /* [CP] Copy Pods Resources */,
			);
			buildRules = (
			);
			dependencies = (
			);
			name = "JWDFMDB-Data";
			productName = "JWDFMDB-Data";
			productReference = 76C5F2321DC98B9A0004C70F /* JWDFMDB-Data.app */;
			productType = "com.apple.product-type.application";
		};
/* End PBXNativeTarget section */

/* Begin PBXProject section */
		76C5F22A1DC98B9A0004C70F /* Project object */ = {
			isa = PBXProject;
			attributes = {
				LastUpgradeCheck = 0800;
				ORGANIZATIONNAME = YIXIA;
				TargetAttributes = {
					76C5F2311DC98B9A0004C70F = {
						CreatedOnToolsVersion = 8.0;
						DevelopmentTeam = HF526ANGZB;
						ProvisioningStyle = Automatic;
					};
				};
			};
			buildConfigurationList = 76C5F22D1DC98B9A0004C70F /* Build configuration list for PBXProject "JWDFMDB-Data" */;
			compatibilityVersion = "Xcode 3.2";
			developmentRegion = English;
			hasScannedForEncodings = 0;
			knownRegions = (
				en,
				Base,
			);
			mainGroup = 76C5F2291DC98B9A0004C70F;
			productRefGroup = 76C5F2331DC98B9A0004C70F /* Products */;
			projectDirPath = "";
			projectRoot = "";
			targets = (
				76C5F2311DC98B9A0004C70F /* JWDFMDB-Data */,
			);
		};
/* End PBXProject section */

/* Begin PBXResourcesBuildPhase section */
		76C5F2301DC98B9A0004C70F /* Resources */ = {
			isa = PBXResourcesBuildPhase;
			buildActionMask = 2147483647;
			files = (
				76C5F2451DC98B9A0004C70F /* LaunchScreen.storyboard in Resources */,
				76C5F2421DC98B9A0004C70F /* Assets.xcassets in Resources */,
				76C5F2401DC98B9A0004C70F /* Main.storyboard in Resources */,
			);
			runOnlyForDeploymentPostprocessing = 0;
		};
/* End PBXResourcesBuildPhase section */

/* Begin PBXShellScriptBuildPhase section */
		2F299CE4BCE548712BB8CFE6 /* [CP] Embed Pods Frameworks */ = {
			isa = PBXShellScriptBuildPhase;
			buildActionMask = 2147483647;
			files = (
			);
			inputPaths = (
			);
			name = "[CP] Embed Pods Frameworks";
			outputPaths = (
			);
			runOnlyForDeploymentPostprocessing = 0;
			shellPath = /bin/sh;
			shellScript = "\"${SRCROOT}/Pods/Target Support Files/Pods-JWDFMDB-Data/Pods-JWDFMDB-Data-frameworks.sh\"\n";
			showEnvVarsInLog = 0;
		};
		34D3AB2023C1230A016BDF65 /* [CP] Copy Pods Resources */ = {
			isa = PBXShellScriptBuildPhase;
			buildActionMask = 2147483647;
			files = (
			);
			inputPaths = (
			);
			name = "[CP] Copy Pods Resources";
			outputPaths = (
			);
			runOnlyForDeploymentPostprocessing = 0;
			shellPath = /bin/sh;
			shellScript = "\"${SRCROOT}/Pods/Target Support Files/Pods-JWDFMDB-Data/Pods-JWDFMDB-Data-resources.sh\"\n";
			showEnvVarsInLog = 0;
		};
		84224CB3F4513C97FC0789CB /* [CP] Check Pods Manifest.lock */ = {
			isa = PBXShellScriptBuildPhase;
			buildActionMask = 2147483647;
			files = (
			);
			inputPaths = (
			);
			name = "[CP] Check Pods Manifest.lock";
			outputPaths = (
			);
			runOnlyForDeploymentPostprocessing = 0;
			shellPath = /bin/sh;
			shellScript = "diff \"${PODS_ROOT}/../Podfile.lock\" \"${PODS_ROOT}/Manifest.lock\" > /dev/null\nif [[ $? != 0 ]] ; then\n    cat << EOM\nerror: The sandbox is not in sync with the Podfile.lock. Run 'pod install' or update your CocoaPods installation.\nEOM\n    exit 1\nfi\n";
			showEnvVarsInLog = 0;
		};
/* End PBXShellScriptBuildPhase section */

/* Begin PBXSourcesBuildPhase section */
		76C5F22E1DC98B9A0004C70F /* Sources */ = {
			isa = PBXSourcesBuildPhase;
			buildActionMask = 2147483647;
			files = (
				76C5F24E1DC999800004C70F /* JWDFMDBChatMessageData.m in Sources */,
				76C5F23D1DC98B9A0004C70F /* ViewController.m in Sources */,
				76C5F23A1DC98B9A0004C70F /* AppDelegate.m in Sources */,
				76C5F2371DC98B9A0004C70F /* main.m in Sources */,
			);
			runOnlyForDeploymentPostprocessing = 0;
		};
/* End PBXSourcesBuildPhase section */

/* Begin PBXVariantGroup section */
		76C5F23E1DC98B9A0004C70F /* Main.storyboard */ = {
			isa = PBXVariantGroup;
			children = (
				76C5F23F1DC98B9A0004C70F /* Base */,
			);
			name = Main.storyboard;
			sourceTree = "<group>";
		};
		76C5F2431DC98B9A0004C70F /* LaunchScreen.storyboard */ = {
			isa = PBXVariantGroup;
			children = (
				76C5F2441DC98B9A0004C70F /* Base */,
			);
			name = LaunchScreen.storyboard;
			sourceTree = "<group>";
		};
/* End PBXVariantGroup section */

/* Begin XCBuildConfiguration section */
		76C5F2471DC98B9A0004C70F /* Debug */ = {
			isa = XCBuildConfiguration;
			buildSettings = {
				ALWAYS_SEARCH_USER_PATHS = NO;
				CLANG_ANALYZER_NONNULL = YES;
				CLANG_CXX_LANGUAGE_STANDARD = "gnu++0x";
				CLANG_CXX_LIBRARY = "libc++";
				CLANG_ENABLE_MODULES = YES;
				CLANG_ENABLE_OBJC_ARC = YES;
				CLANG_WARN_BOOL_CONVERSION = YES;
				CLANG_WARN_CONSTANT_CONVERSION = YES;
				CLANG_WARN_DIRECT_OBJC_ISA_USAGE = YES_ERROR;
				CLANG_WARN_DOCUMENTATION_COMMENTS = YES;
				CLANG_WARN_EMPTY_BODY = YES;
				CLANG_WARN_ENUM_CONVERSION = YES;
				CLANG_WARN_INFINITE_RECURSION = YES;
				CLANG_WARN_INT_CONVERSION = YES;
				CLANG_WARN_OBJC_ROOT_CLASS = YES_ERROR;
				CLANG_WARN_SUSPICIOUS_MOVES = YES;
				CLANG_WARN_UNREACHABLE_CODE = YES;
				CLANG_WARN__DUPLICATE_METHOD_MATCH = YES;
				"CODE_SIGN_IDENTITY[sdk=iphoneos*]" = "iPhone Developer";
				COPY_PHASE_STRIP = NO;
				DEBUG_INFORMATION_FORMAT = dwarf;
				ENABLE_STRICT_OBJC_MSGSEND = YES;
				ENABLE_TESTABILITY = YES;
				GCC_C_LANGUAGE_STANDARD = gnu99;
				GCC_DYNAMIC_NO_PIC = NO;
				GCC_NO_COMMON_BLOCKS = YES;
				GCC_OPTIMIZATION_LEVEL = 0;
				GCC_PREPROCESSOR_DEFINITIONS = (
					"DEBUG=1",
					"$(inherited)",
				);
				GCC_WARN_64_TO_32_BIT_CONVERSION = YES;
				GCC_WARN_ABOUT_RETURN_TYPE = YES_ERROR;
				GCC_WARN_UNDECLARED_SELECTOR = YES;
				GCC_WARN_UNINITIALIZED_AUTOS = YES_AGGRESSIVE;
				GCC_WARN_UNUSED_FUNCTION = YES;
				GCC_WARN_UNUSED_VARIABLE = YES;
				IPHONEOS_DEPLOYMENT_TARGET = 10.0;
				MTL_ENABLE_DEBUG_INFO = YES;
				ONLY_ACTIVE_ARCH = YES;
				SDKROOT = iphoneos;
			};
			name = Debug;
		};
		76C5F2481DC98B9A0004C70F /* Release */ = {
			isa = XCBuildConfiguration;
			buildSettings = {
				ALWAYS_SEARCH_USER_PATHS = NO;
				CLANG_ANALYZER_NONNULL = YES;
				CLANG_CXX_LANGUAGE_STANDARD = "gnu++0x";
				CLANG_CXX_LIBRARY = "libc++";
				CLANG_ENABLE_MODULES = YES;
				CLANG_ENABLE_OBJC_ARC = YES;
				CLANG_WARN_BOOL_CONVERSION = YES;
				CLANG_WARN_CONSTANT_CONVERSION = YES;
				CLANG_WARN_DIRECT_OBJC_ISA_USAGE = YES_ERROR;
				CLANG_WARN_DOCUMENTATION_COMMENTS = YES;
				CLANG_WARN_EMPTY_BODY = YES;
				CLANG_WARN_ENUM_CONVERSION = YES;
				CLANG_WARN_INFINITE_RECURSION = YES;
				CLANG_WARN_INT_CONVERSION = YES;
				CLANG_WARN_OBJC_ROOT_CLASS = YES_ERROR;
				CLANG_WARN_SUSPICIOUS_MOVES = YES;
				CLANG_WARN_UNREACHABLE_CODE = YES;
				CLANG_WARN__DUPLICATE_METHOD_MATCH = YES;
				"CODE_SIGN_IDENTITY[sdk=iphoneos*]" = "iPhone Developer";
				COPY_PHASE_STRIP = NO;
				DEBUG_INFORMATION_FORMAT = "dwarf-with-dsym";
				ENABLE_NS_ASSERTIONS = NO;
				ENABLE_STRICT_OBJC_MSGSEND = YES;
				GCC_C_LANGUAGE_STANDARD = gnu99;
				GCC_NO_COMMON_BLOCKS = YES;
				GCC_WARN_64_TO_32_BIT_CONVERSION = YES;
				GCC_WARN_ABOUT_RETURN_TYPE = YES_ERROR;
				GCC_WARN_UNDECLARED_SELECTOR = YES;
				GCC_WARN_UNINITIALIZED_AUTOS = YES_AGGRESSIVE;
				GCC_WARN_UNUSED_FUNCTION = YES;
				GCC_WARN_UNUSED_VARIABLE = YES;
				IPHONEOS_DEPLOYMENT_TARGET = 10.0;
				MTL_ENABLE_DEBUG_INFO = NO;
				SDKROOT = iphoneos;
				VALIDATE_PRODUCT = YES;
			};
			name = Release;
		};
		76C5F24A1DC98B9A0004C70F /* Debug */ = {
			isa = XCBuildConfiguration;
			baseConfigurationReference = 32C339156C6DD30BBC6FBE75 /* Pods-JWDFMDB-Data.debug.xcconfig */;
			buildSettings = {
				ASSETCATALOG_COMPILER_APPICON_NAME = AppIcon;
				DEVELOPMENT_TEAM = HF526ANGZB;
				INFOPLIST_FILE = "JWDFMDB-Data/Info.plist";
				LD_RUNPATH_SEARCH_PATHS = "$(inherited) @executable_path/Frameworks";
				PRODUCT_BUNDLE_IDENTIFIER = "com.yixia.JWDFMDB-Data";
				PRODUCT_NAME = "$(TARGET_NAME)";
			};
			name = Debug;
		};
		76C5F24B1DC98B9A0004C70F /* Release */ = {
			isa = XCBuildConfiguration;
			baseConfigurationReference = AC062C2909C5FFA78966B0A3 /* Pods-JWDFMDB-Data.release.xcconfig */;
			buildSettings = {
				ASSETCATALOG_COMPILER_APPICON_NAME = AppIcon;
				DEVELOPMENT_TEAM = HF526ANGZB;
				INFOPLIST_FILE = "JWDFMDB-Data/Info.plist";
				LD_RUNPATH_SEARCH_PATHS = "$(inherited) @executable_path/Frameworks";
				PRODUCT_BUNDLE_IDENTIFIER = "com.yixia.JWDFMDB-Data";
				PRODUCT_NAME = "$(TARGET_NAME)";
			};
			name = Release;
		};
/* End XCBuildConfiguration section */

/* Begin XCConfigurationList section */
		76C5F22D1DC98B9A0004C70F /* Build configuration list for PBXProject "JWDFMDB-Data" */ = {
			isa = XCConfigurationList;
			buildConfigurations = (
				76C5F2471DC98B9A0004C70F /* Debug */,
				76C5F2481DC98B9A0004C70F /* Release */,
			);
			defaultConfigurationIsVisible = 0;
			defaultConfigurationName = Release;
		};
		76C5F2491DC98B9A0004C70F /* Build configuration list for PBXNativeTarget "JWDFMDB-Data" */ = {
			isa = XCConfigurationList;
			buildConfigurations = (
				76C5F24A1DC98B9A0004C70F /* Debug */,
				76C5F24B1DC98B9A0004C70F /* Release */,
			);
			defaultConfigurationIsVisible = 0;
			defaultConfigurationName = Release;
		};
/* End XCConfigurationList section */
	};
	rootObject = 76C5F22A1DC98B9A0004C70F /* Project object */;
}
